Microsoft Visual Studio Solution File, Format Version 12.00
# Visual Studio Version 17
VisualStudioVersion = 17.0.32126.317
MinimumVisualStudioVersion = 10.0.40219.1
Project("{2150E333-8FDC-42A3-9474-1A3956D46DE8}") = "docs", "docs", "{ACFCEFF7-8C3B-4D05-8080-DD19A6E07873}"
	ProjectSection(SolutionItems) = preProject
		README.md = README.md
	EndProjectSection
EndProject
Project("{2150E333-8FDC-42A3-9474-1A3956D46DE8}") = "actions", "actions", "{82BA388F-4AE2-43A2-965A-AC2092BF26F3}"
	ProjectSection(SolutionItems) = preProject
		.github\coverlet.runsettings = .github\coverlet.runsettings
		.github\workflows\dotnet.yml = .github\workflows\dotnet.yml
		.github\workflows\Plagiarism_detector.yml = .github\workflows\Plagiarism_detector.yml
		.github\workflows\test-reporter.yml = .github\workflows\test-reporter.yml
	EndProjectSection
EndProject
Project("{2150E333-8FDC-42A3-9474-1A3956D46DE8}") = "Homework12", "Homework12", "{F76958C8-AD2F-4006-80AF-D7A466020AD3}"
	ProjectSection(SolutionItems) = preProject
		Homework12\README.md = Homework12\README.md
	EndProjectSection
EndProject
Project("{9A19103F-16F7-4668-BE54-9A1E7A4F7556}") = "Hw12", "Homework12\Hw12\Hw12.csproj", "{93E929A3-EF7A-481E-94C2-47AEB416A7A9}"
EndProject
Project("{2150E333-8FDC-42A3-9474-1A3956D46DE8}") = "Homework8", "Homework8", "{8DE0E310-F919-45A9-99D5-74C2133EE727}"
EndProject
Project("{9A19103F-16F7-4668-BE54-9A1E7A4F7556}") = "Hw8", "Hw8\Hw8.csproj", "{58E43A81-F29A-4F4C-A221-78EEE7EBD0DF}"
EndProject
Project("{2150E333-8FDC-42A3-9474-1A3956D46DE8}") = "Homework6", "Homework6", "{5B002949-5E10-46E6-9AB8-031E3FD18011}"
EndProject
Project("{F2A71F9B-5D33-465A-A702-920D77279786}") = "Hw6", "Hw6\Hw6.fsproj", "{5DB04FE3-EBA5-426B-9F9A-3F2567C7FE5A}"
EndProject
Project("{F2A71F9B-5D33-465A-A702-920D77279786}") = "Hw6Client", "Hw6Client\Hw6Client.fsproj", "{78A6549E-01D3-461A-9665-2328204A8227}"
EndProject
Global
	GlobalSection(SolutionConfigurationPlatforms) = preSolution
		Debug|Any CPU = Debug|Any CPU
		Release|Any CPU = Release|Any CPU
	EndGlobalSection
	GlobalSection(ProjectConfigurationPlatforms) = postSolution
		{93E929A3-EF7A-481E-94C2-47AEB416A7A9}.Debug|Any CPU.ActiveCfg = Debug|Any CPU
		{93E929A3-EF7A-481E-94C2-47AEB416A7A9}.Debug|Any CPU.Build.0 = Debug|Any CPU
		{93E929A3-EF7A-481E-94C2-47AEB416A7A9}.Release|Any CPU.ActiveCfg = Release|Any CPU
		{93E929A3-EF7A-481E-94C2-47AEB416A7A9}.Release|Any CPU.Build.0 = Release|Any CPU
		{58E43A81-F29A-4F4C-A221-78EEE7EBD0DF}.Debug|Any CPU.ActiveCfg = Debug|Any CPU
		{58E43A81-F29A-4F4C-A221-78EEE7EBD0DF}.Debug|Any CPU.Build.0 = Debug|Any CPU
		{58E43A81-F29A-4F4C-A221-78EEE7EBD0DF}.Release|Any CPU.ActiveCfg = Release|Any CPU
		{58E43A81-F29A-4F4C-A221-78EEE7EBD0DF}.Release|Any CPU.Build.0 = Release|Any CPU
		{5DB04FE3-EBA5-426B-9F9A-3F2567C7FE5A}.Debug|Any CPU.ActiveCfg = Debug|Any CPU
		{5DB04FE3-EBA5-426B-9F9A-3F2567C7FE5A}.Debug|Any CPU.Build.0 = Debug|Any CPU
		{5DB04FE3-EBA5-426B-9F9A-3F2567C7FE5A}.Release|Any CPU.ActiveCfg = Release|Any CPU
		{5DB04FE3-EBA5-426B-9F9A-3F2567C7FE5A}.Release|Any CPU.Build.0 = Release|Any CPU
		{78A6549E-01D3-461A-9665-2328204A8227}.Debug|Any CPU.ActiveCfg = Debug|Any CPU
		{78A6549E-01D3-461A-9665-2328204A8227}.Debug|Any CPU.Build.0 = Debug|Any CPU
		{78A6549E-01D3-461A-9665-2328204A8227}.Release|Any CPU.ActiveCfg = Release|Any CPU
		{78A6549E-01D3-461A-9665-2328204A8227}.Release|Any CPU.Build.0 = Release|Any CPU
	EndGlobalSection
	GlobalSection(SolutionProperties) = preSolution
		HideSolutionNode = FALSE
	EndGlobalSection
	GlobalSection(NestedProjects) = preSolution
		{93E929A3-EF7A-481E-94C2-47AEB416A7A9} = {F76958C8-AD2F-4006-80AF-D7A466020AD3}
		{58E43A81-F29A-4F4C-A221-78EEE7EBD0DF} = {8DE0E310-F919-45A9-99D5-74C2133EE727}
		{5DB04FE3-EBA5-426B-9F9A-3F2567C7FE5A} = {5B002949-5E10-46E6-9AB8-031E3FD18011}
		{78A6549E-01D3-461A-9665-2328204A8227} = {5B002949-5E10-46E6-9AB8-031E3FD18011}
	EndGlobalSection
	GlobalSection(ExtensibilityGlobals) = postSolution
		SolutionGuid = {FA4ADE0D-D82C-4A2A-9E3D-1FBCA477C816}
	EndGlobalSection
EndGlobal
